// !$*UTF8*$!
{
	archiveVersion = 1;
	classes = {
	};
	objectVersion = 50;
	objects = {

/* Begin PBXBuildFile section */
		AE277F912451B88000738EEF /* AppDelegate.swift in Sources */ = {isa = PBXBuildFile; fileRef = AE277F902451B88000738EEF /* AppDelegate.swift */; };
		AE277F932451B88000738EEF /* SceneDelegate.swift in Sources */ = {isa = PBXBuildFile; fileRef = AE277F922451B88000738EEF /* SceneDelegate.swift */; };
		AE277F952451B88000738EEF /* ViewController.swift in Sources */ = {isa = PBXBuildFile; fileRef = AE277F942451B88000738EEF /* ViewController.swift */; };
		AE277F982451B88000738EEF /* Main.storyboard in Resources */ = {isa = PBXBuildFile; fileRef = AE277F962451B88000738EEF /* Main.storyboard */; };
		AE277F9A2451B88100738EEF /* Assets.xcassets in Resources */ = {isa = PBXBuildFile; fileRef = AE277F992451B88100738EEF /* Assets.xcassets */; };
		AE277F9D2451B88100738EEF /* LaunchScreen.storyboard in Resources */ = {isa = PBXBuildFile; fileRef = AE277F9B2451B88100738EEF /* LaunchScreen.storyboard */; };
		AE277FA92451BCF200738EEF /* RegisterViewController.swift in Sources */ = {isa = PBXBuildFile; fileRef = AE277FA82451BCF200738EEF /* RegisterViewController.swift */; };
		AE277FAB2451BCFF00738EEF /* LoginViewController.swift in Sources */ = {isa = PBXBuildFile; fileRef = AE277FAA2451BCFF00738EEF /* LoginViewController.swift */; };
		AE7DE83C246E64CF0040BA1A /* FreindTableViewController.swift in Sources */ = {isa = PBXBuildFile; fileRef = AE7DE83B246E64CF0040BA1A /* FreindTableViewController.swift */; };
		AE7DE83E246E66C00040BA1A /* MyCell.swift in Sources */ = {isa = PBXBuildFile; fileRef = AE7DE83D246E66C00040BA1A /* MyCell.swift */; };
		AE7DE840246E69320040BA1A /* FriendCell.swift in Sources */ = {isa = PBXBuildFile; fileRef = AE7DE83F246E69320040BA1A /* FriendCell.swift */; };
		AE7DE842246E6A800040BA1A /* FriendInformation.swift in Sources */ = {isa = PBXBuildFile; fileRef = AE7DE841246E6A800040BA1A /* FriendInformation.swift */; };
/* End PBXBuildFile section */

/* Begin PBXFileReference section */
		AE277F8D2451B88000738EEF /* iOS_Login.app */ = {isa = PBXFileReference; explicitFileType = wrapper.application; includeInIndex = 0; path = iOS_Login.app; sourceTree = BUILT_PRODUCTS_DIR; };
		AE277F902451B88000738EEF /* AppDelegate.swift */ = {isa = PBXFileReference; lastKnownFileType = sourcecode.swift; path = AppDelegate.swift; sourceTree = "<group>"; };
		AE277F922451B88000738EEF /* SceneDelegate.swift */ = {isa = PBXFileReference; lastKnownFileType = sourcecode.swift; path = SceneDelegate.swift; sourceTree = "<group>"; };
		AE277F942451B88000738EEF /* ViewController.swift */ = {isa = PBXFileReference; lastKnownFileType = sourcecode.swift; path = ViewController.swift; sourceTree = "<group>"; };
		AE277F972451B88000738EEF /* Base */ = {isa = PBXFileReference; lastKnownFileType = file.storyboard; name = Base; path = Base.lproj/Main.storyboard; sourceTree = "<group>"; };
		AE277F992451B88100738EEF /* Assets.xcassets */ = {isa = PBXFileReference; lastKnownFileType = folder.assetcatalog; path = Assets.xcassets; sourceTree = "<group>"; };
		AE277F9C2451B88100738EEF /* Base */ = {isa = PBXFileReference; lastKnownFileType = file.storyboard; name = Base; path = Base.lproj/LaunchScreen.storyboard; sourceTree = "<group>"; };
		AE277F9E2451B88100738EEF /* Info.plist */ = {isa = PBXFileReference; lastKnownFileType = text.plist.xml; path = Info.plist; sourceTree = "<group>"; };
		AE277FA82451BCF200738EEF /* RegisterViewController.swift */ = {isa = PBXFileReference; lastKnownFileType = sourcecode.swift; path = RegisterViewController.swift; sourceTree = "<group>"; };
		AE277FAA2451BCFF00738EEF /* LoginViewController.swift */ = {isa = PBXFileReference; lastKnownFileType = sourcecode.swift; path = LoginViewController.swift; sourceTree = "<group>"; };
		AE7DE83B246E64CF0040BA1A /* FreindTableViewController.swift */ = {isa = PBXFileReference; lastKnownFileType = sourcecode.swift; path = FreindTableViewController.swift; sourceTree = "<group>"; };
		AE7DE83D246E66C00040BA1A /* MyCell.swift */ = {isa = PBXFileReference; lastKnownFileType = sourcecode.swift; path = MyCell.swift; sourceTree = "<group>"; };
		AE7DE83F246E69320040BA1A /* FriendCell.swift */ = {isa = PBXFileReference; lastKnownFileType = sourcecode.swift; path = FriendCell.swift; sourceTree = "<group>"; };
		AE7DE841246E6A800040BA1A /* FriendInformation.swift */ = {isa = PBXFileReference; lastKnownFileType = sourcecode.swift; path = FriendInformation.swift; sourceTree = "<group>"; };
		AEAA5FB52463B73500AD2295 /* KoPubWorld Dotum Medium.ttf */ = {isa = PBXFileReference; lastKnownFileType = file; name = "KoPubWorld Dotum Medium.ttf"; path = "../../../../../Downloads/KOPUBWORLD_TTF_FONTS/KoPubWorld Dotum Medium.ttf"; sourceTree = "<group>"; };
		AEAA5FB62463B73500AD2295 /* KoPubWorld Dotum Bold.ttf */ = {isa = PBXFileReference; lastKnownFileType = file; name = "KoPubWorld Dotum Bold.ttf"; path = "../../../../../Downloads/KOPUBWORLD_TTF_FONTS/KoPubWorld Dotum Bold.ttf"; sourceTree = "<group>"; };
		AEAA5FB72463B73500AD2295 /* KoPubWorld Dotum Light.ttf */ = {isa = PBXFileReference; lastKnownFileType = file; name = "KoPubWorld Dotum Light.ttf"; path = "../../../../../Downloads/KOPUBWORLD_TTF_FONTS/KoPubWorld Dotum Light.ttf"; sourceTree = "<group>"; };
		AEAA5FB9246404BF00AD2295 /* KoPubWorld Dotum Medium.ttf */ = {isa = PBXFileReference; lastKnownFileType = file; path = "KoPubWorld Dotum Medium.ttf"; sourceTree = "<group>"; };
		AEAA5FBA246404BF00AD2295 /* KoPubWorld Dotum Light.ttf */ = {isa = PBXFileReference; lastKnownFileType = file; path = "KoPubWorld Dotum Light.ttf"; sourceTree = "<group>"; };
		AEAA5FBB246404C200AD2295 /* KoPubWorld Dotum Bold.ttf */ = {isa = PBXFileReference; lastKnownFileType = file; path = "KoPubWorld Dotum Bold.ttf"; sourceTree = "<group>"; };
/* End PBXFileReference section */

/* Begin PBXFrameworksBuildPhase section */
		AE277F8A2451B88000738EEF /* Frameworks */ = {
			isa = PBXFrameworksBuildPhase;
			buildActionMask = 2147483647;
			files = (
			);
			runOnlyForDeploymentPostprocessing = 0;
		};
/* End PBXFrameworksBuildPhase section */

/* Begin PBXGroup section */
		AE277F842451B88000738EEF = {
			isa = PBXGroup;
			children = (
				AE277F8F2451B88000738EEF /* iOS_Login */,
				AE277F8E2451B88000738EEF /* Products */,
			);
			sourceTree = "<group>";
		};
		AE277F8E2451B88000738EEF /* Products */ = {
			isa = PBXGroup;
			children = (
				AE277F8D2451B88000738EEF /* iOS_Login.app */,
			);
			name = Products;
			sourceTree = "<group>";
		};
		AE277F8F2451B88000738EEF /* iOS_Login */ = {
			isa = PBXGroup;
			children = (
				AEAA5FB8246404B400AD2295 /* font */,
				AEAA5FB62463B73500AD2295 /* KoPubWorld Dotum Bold.ttf */,
				AEAA5FB72463B73500AD2295 /* KoPubWorld Dotum Light.ttf */,
				AEAA5FB52463B73500AD2295 /* KoPubWorld Dotum Medium.ttf */,
				AE277F902451B88000738EEF /* AppDelegate.swift */,
				AE277F922451B88000738EEF /* SceneDelegate.swift */,
				AE277F942451B88000738EEF /* ViewController.swift */,
				AE277F962451B88000738EEF /* Main.storyboard */,
				AE7DE841246E6A800040BA1A /* FriendInformation.swift */,
				AE7DE83F246E69320040BA1A /* FriendCell.swift */,
				AE7DE83D246E66C00040BA1A /* MyCell.swift */,
				AE7DE83B246E64CF0040BA1A /* FreindTableViewController.swift */,
				AE277FA82451BCF200738EEF /* RegisterViewController.swift */,
				AE277FAA2451BCFF00738EEF /* LoginViewController.swift */,
				AE277F992451B88100738EEF /* Assets.xcassets */,
				AE277F9B2451B88100738EEF /* LaunchScreen.storyboard */,
				AE277F9E2451B88100738EEF /* Info.plist */,
			);
			path = iOS_Login;
			sourceTree = "<group>";
		};
		AEAA5FB8246404B400AD2295 /* font */ = {
			isa = PBXGroup;
			children = (
				AEAA5FBB246404C200AD2295 /* KoPubWorld Dotum Bold.ttf */,
				AEAA5FBA246404BF00AD2295 /* KoPubWorld Dotum Light.ttf */,
				AEAA5FB9246404BF00AD2295 /* KoPubWorld Dotum Medium.ttf */,
			);
			path = font;
			sourceTree = "<group>";
		};
/* End PBXGroup section */

/* Begin PBXNativeTarget section */
		AE277F8C2451B88000738EEF /* iOS_Login */ = {
			isa = PBXNativeTarget;
			buildConfigurationList = AE277FA12451B88100738EEF /* Build configuration list for PBXNativeTarget "iOS_Login" */;
			buildPhases = (
				AE277F892451B88000738EEF /* Sources */,
				AE277F8A2451B88000738EEF /* Frameworks */,
				AE277F8B2451B88000738EEF /* Resources */,
			);
			buildRules = (
			);
			dependencies = (
			);
			name = iOS_Login;
			productName = iOS_Login;
			productReference = AE277F8D2451B88000738EEF /* iOS_Login.app */;
			productType = "com.apple.product-type.application";
		};
/* End PBXNativeTarget section */

/* Begin PBXProject section */
		AE277F852451B88000738EEF /* Project object */ = {
			isa = PBXProject;
			attributes = {
				LastSwiftUpdateCheck = 1140;
				LastUpgradeCheck = 1140;
				ORGANIZATIONNAME = "이유진";
				TargetAttributes = {
					AE277F8C2451B88000738EEF = {
						CreatedOnToolsVersion = 11.4.1;
					};
				};
			};
			buildConfigurationList = AE277F882451B88000738EEF /* Build configuration list for PBXProject "iOS_Login" */;
			compatibilityVersion = "Xcode 9.3";
			developmentRegion = en;
			hasScannedForEncodings = 0;
			knownRegions = (
				en,
				Base,
			);
			mainGroup = AE277F842451B88000738EEF;
			productRefGroup = AE277F8E2451B88000738EEF /* Products */;
			projectDirPath = "";
			projectRoot = "";
			targets = (
				AE277F8C2451B88000738EEF /* iOS_Login */,
			);
		};
/* End PBXProject section */

/* Begin PBXResourcesBuildPhase section */
		AE277F8B2451B88000738EEF /* Resources */ = {
			isa = PBXResourcesBuildPhase;
			buildActionMask = 2147483647;
			files = (
				AE277F9D2451B88100738EEF /* LaunchScreen.storyboard in Resources */,
				AE277F9A2451B88100738EEF /* Assets.xcassets in Resources */,
				AE277F982451B88000738EEF /* Main.storyboard in Resources */,
			);
			runOnlyForDeploymentPostprocessing = 0;
		};
/* End PBXResourcesBuildPhase section */

/* Begin PBXSourcesBuildPhase section */
		AE277F892451B88000738EEF /* Sources */ = {
			isa = PBXSourcesBuildPhase;
			buildActionMask = 2147483647;
			files = (
				AE277F952451B88000738EEF /* ViewController.swift in Sources */,
				AE277F912451B88000738EEF /* AppDelegate.swift in Sources */,
				AE277F932451B88000738EEF /* SceneDelegate.swift in Sources */,
				AE7DE840246E69320040BA1A /* FriendCell.swift in Sources */,
				AE7DE83C246E64CF0040BA1A /* FreindTableViewController.swift in Sources */,
				AE7DE842246E6A800040BA1A /* FriendInformation.swift in Sources */,
				AE7DE83E246E66C00040BA1A /* MyCell.swift in Sources */,
				AE277FAB2451BCFF00738EEF /* LoginViewController.swift in Sources */,
				AE277FA92451BCF200738EEF /* RegisterViewController.swift in Sources */,
			);
			runOnlyForDeploymentPostprocessing = 0;
		};
/* End PBXSourcesBuildPhase section */

/* Begin PBXVariantGroup section */
		AE277F962451B88000738EEF /* Main.storyboard */ = {
			isa = PBXVariantGroup;
			children = (
				AE277F972451B88000738EEF /* Base */,
			);
			name = Main.storyboard;
			sourceTree = "<group>";
		};
		AE277F9B2451B88100738EEF /* LaunchScreen.storyboard */ = {
			isa = PBXVariantGroup;
			children = (
				AE277F9C2451B88100738EEF /* Base */,
			);
			name = LaunchScreen.storyboard;
			sourceTree = "<group>";
		};
/* End PBXVariantGroup section */

/* Begin XCBuildConfiguration section */
		AE277F9F2451B88100738EEF /* Debug */ = {
			isa = XCBuildConfiguration;
			buildSettings = {
				ALWAYS_SEARCH_USER_PATHS = NO;
				CLANG_ANALYZER_NONNULL = YES;
				CLANG_ANALYZER_NUMBER_OBJECT_CONVERSION = YES_AGGRESSIVE;
				CLANG_CXX_LANGUAGE_STANDARD = "gnu++14";
				CLANG_CXX_LIBRARY = "libc++";
				CLANG_ENABLE_MODULES = YES;
				CLANG_ENABLE_OBJC_ARC = YES;
				CLANG_ENABLE_OBJC_WEAK = YES;
				CLANG_WARN_BLOCK_CAPTURE_AUTORELEASING = YES;
				CLANG_WARN_BOOL_CONVERSION = YES;
				CLANG_WARN_COMMA = YES;
				CLANG_WARN_CONSTANT_CONVERSION = YES;
				CLANG_WARN_DEPRECATED_OBJC_IMPLEMENTATIONS = YES;
				CLANG_WARN_DIRECT_OBJC_ISA_USAGE = YES_ERROR;
				CLANG_WARN_DOCUMENTATION_COMMENTS = YES;
				CLANG_WARN_EMPTY_BODY = YES;
				CLANG_WARN_ENUM_CONVERSION = YES;
				CLANG_WARN_INFINITE_RECURSION = YES;
				CLANG_WARN_INT_CONVERSION = YES;
				CLANG_WARN_NON_LITERAL_NULL_CONVERSION = YES;
				CLANG_WARN_OBJC_IMPLICIT_RETAIN_SELF = YES;
				CLANG_WARN_OBJC_LITERAL_CONVERSION = YES;
				CLANG_WARN_OBJC_ROOT_CLASS = YES_ERROR;
				CLANG_WARN_RANGE_LOOP_ANALYSIS = YES;
				CLANG_WARN_STRICT_PROTOTYPES = YES;
				CLANG_WARN_SUSPICIOUS_MOVE = YES;
				CLANG_WARN_UNGUARDED_AVAILABILITY = YES_AGGRESSIVE;
				CLANG_WARN_UNREACHABLE_CODE = YES;
				CLANG_WARN__DUPLICATE_METHOD_MATCH = YES;
				COPY_PHASE_STRIP = NO;
				DEBUG_INFORMATION_FORMAT = dwarf;
				ENABLE_STRICT_OBJC_MSGSEND = YES;
				ENABLE_TESTABILITY = YES;
				GCC_C_LANGUAGE_STANDARD = gnu11;
				GCC_DYNAMIC_NO_PIC = NO;
				GCC_NO_COMMON_BLOCKS = YES;
				GCC_OPTIMIZATION_LEVEL = 0;
				GCC_PREPROCESSOR_DEFINITIONS = (
					"DEBUG=1",
					"$(inherited)",
				);
				GCC_WARN_64_TO_32_BIT_CONVERSION = YES;
				GCC_WARN_ABOUT_RETURN_TYPE = YES_ERROR;
				GCC_WARN_UNDECLARED_SELECTOR = YES;
				GCC_WARN_UNINITIALIZED_AUTOS = YES_AGGRESSIVE;
				GCC_WARN_UNUSED_FUNCTION = YES;
				GCC_WARN_UNUSED_VARIABLE = YES;
				IPHONEOS_DEPLOYMENT_TARGET = 13.4;
				MTL_ENABLE_DEBUG_INFO = INCLUDE_SOURCE;
				MTL_FAST_MATH = YES;
				ONLY_ACTIVE_ARCH = YES;
				SDKROOT = iphoneos;
				SWIFT_ACTIVE_COMPILATION_CONDITIONS = DEBUG;
				SWIFT_OPTIMIZATION_LEVEL = "-Onone";
			};
			name = Debug;
		};
		AE277FA02451B88100738EEF /* Release */ = {
			isa = XCBuildConfiguration;
			buildSettings = {
				ALWAYS_SEARCH_USER_PATHS = NO;
				CLANG_ANALYZER_NONNULL = YES;
				CLANG_ANALYZER_NUMBER_OBJECT_CONVERSION = YES_AGGRESSIVE;
				CLANG_CXX_LANGUAGE_STANDARD = "gnu++14";
				CLANG_CXX_LIBRARY = "libc++";
				CLANG_ENABLE_MODULES = YES;
				CLANG_ENABLE_OBJC_ARC = YES;
				CLANG_ENABLE_OBJC_WEAK = YES;
				CLANG_WARN_BLOCK_CAPTURE_AUTORELEASING = YES;
				CLANG_WARN_BOOL_CONVERSION = YES;
				CLANG_WARN_COMMA = YES;
				CLANG_WARN_CONSTANT_CONVERSION = YES;
				CLANG_WARN_DEPRECATED_OBJC_IMPLEMENTATIONS = YES;
				CLANG_WARN_DIRECT_OBJC_ISA_USAGE = YES_ERROR;
				CLANG_WARN_DOCUMENTATION_COMMENTS = YES;
				CLANG_WARN_EMPTY_BODY = YES;
				CLANG_WARN_ENUM_CONVERSION = YES;
				CLANG_WARN_INFINITE_RECURSION = YES;
				CLANG_WARN_INT_CONVERSION = YES;
				CLANG_WARN_NON_LITERAL_NULL_CONVERSION = YES;
				CLANG_WARN_OBJC_IMPLICIT_RETAIN_SELF = YES;
				CLANG_WARN_OBJC_LITERAL_CONVERSION = YES;
				CLANG_WARN_OBJC_ROOT_CLASS = YES_ERROR;
				CLANG_WARN_RANGE_LOOP_ANALYSIS = YES;
				CLANG_WARN_STRICT_PROTOTYPES = YES;
				CLANG_WARN_SUSPICIOUS_MOVE = YES;
				CLANG_WARN_UNGUARDED_AVAILABILITY = YES_AGGRESSIVE;
				CLANG_WARN_UNREACHABLE_CODE = YES;
				CLANG_WARN__DUPLICATE_METHOD_MATCH = YES;
				COPY_PHASE_STRIP = NO;
				DEBUG_INFORMATION_FORMAT = "dwarf-with-dsym";
				ENABLE_NS_ASSERTIONS = NO;
				ENABLE_STRICT_OBJC_MSGSEND = YES;
				GCC_C_LANGUAGE_STANDARD = gnu11;
				GCC_NO_COMMON_BLOCKS = YES;
				GCC_WARN_64_TO_32_BIT_CONVERSION = YES;
				GCC_WARN_ABOUT_RETURN_TYPE = YES_ERROR;
				GCC_WARN_UNDECLARED_SELECTOR = YES;
				GCC_WARN_UNINITIALIZED_AUTOS = YES_AGGRESSIVE;
				GCC_WARN_UNUSED_FUNCTION = YES;
				GCC_WARN_UNUSED_VARIABLE = YES;
				IPHONEOS_DEPLOYMENT_TARGET = 13.4;
				MTL_ENABLE_DEBUG_INFO = NO;
				MTL_FAST_MATH = YES;
				SDKROOT = iphoneos;
				SWIFT_COMPILATION_MODE = wholemodule;
				SWIFT_OPTIMIZATION_LEVEL = "-O";
				VALIDATE_PRODUCT = YES;
			};
			name = Release;
		};
		AE277FA22451B88100738EEF /* Debug */ = {
			isa = XCBuildConfiguration;
			buildSettings = {
				ASSETCATALOG_COMPILER_APPICON_NAME = AppIcon;
				CODE_SIGN_STYLE = Automatic;
				INFOPLIST_FILE = iOS_Login/Info.plist;
				LD_RUNPATH_SEARCH_PATHS = (
					"$(inherited)",
					"@executable_path/Frameworks",
				);
				PRODUCT_BUNDLE_IDENTIFIER = "com.ebadaq.iOS-Login";
				PRODUCT_NAME = "$(TARGET_NAME)";
				SWIFT_VERSION = 5.0;
				TARGETED_DEVICE_FAMILY = "1,2";
			};
			name = Debug;
		};
		AE277FA32451B88100738EEF /* Release */ = {
			isa = XCBuildConfiguration;
			buildSettings = {
				ASSETCATALOG_COMPILER_APPICON_NAME = AppIcon;
				CODE_SIGN_STYLE = Automatic;
				INFOPLIST_FILE = iOS_Login/Info.plist;
				LD_RUNPATH_SEARCH_PATHS = (
					"$(inherited)",
					"@executable_path/Frameworks",
				);
				PRODUCT_BUNDLE_IDENTIFIER = "com.ebadaq.iOS-Login";
				PRODUCT_NAME = "$(TARGET_NAME)";
				SWIFT_VERSION = 5.0;
				TARGETED_DEVICE_FAMILY = "1,2";
			};
			name = Release;
		};
/* End XCBuildConfiguration section */

/* Begin XCConfigurationList section */
		AE277F882451B88000738EEF /* Build configuration list for PBXProject "iOS_Login" */ = {
			isa = XCConfigurationList;
			buildConfigurations = (
				AE277F9F2451B88100738EEF /* Debug */,
				AE277FA02451B88100738EEF /* Release */,
			);
			defaultConfigurationIsVisible = 0;
			defaultConfigurationName = Release;
		};
		AE277FA12451B88100738EEF /* Build configuration list for PBXNativeTarget "iOS_Login" */ = {
			isa = XCConfigurationList;
			buildConfigurations = (
				AE277FA22451B88100738EEF /* Debug */,
				AE277FA32451B88100738EEF /* Release */,
			);
			defaultConfigurationIsVisible = 0;
			defaultConfigurationName = Release;
		};
/* End XCConfigurationList section */
	};
	rootObject = AE277F852451B88000738EEF /* Project object */;
}
